{
  "name": "cs1230-final",
  "lockfileVersion": 3,
  "requires": true,
  "packages": {
    "": {
      "name": "cs1230-final",
      "dependencies": {
        "@tweenjs/tween.js": "^21.0.0",
        "gsap": "^3.12.3",
        "three": "^0.158.0",
        "web-audio-api": "^0.2.2"
      },
      "devDependencies": {
        "vite": "^5.0.5"
      }
    },
    "node_modules/@esbuild/android-arm": {
      "version": "0.19.7",
      "resolved": "https://registry.npmjs.org/@esbuild/android-arm/-/android-arm-0.19.7.tgz",
      "integrity": "sha512-YGSPnndkcLo4PmVl2tKatEn+0mlVMr3yEpOOT0BeMria87PhvoJb5dg5f5Ft9fbCVgtAz4pWMzZVgSEGpDAlww==",
      "cpu": [
        "arm"
      ],
      "dev": true,
      "optional": true,
      "os": [
        "android"
      ],
      "engines": {
        "node": ">=12"
      }
    },
    "node_modules/@esbuild/android-arm64": {
      "version": "0.19.7",
      "resolved": "https://registry.npmjs.org/@esbuild/android-arm64/-/android-arm64-0.19.7.tgz",
      "integrity": "sha512-YEDcw5IT7hW3sFKZBkCAQaOCJQLONVcD4bOyTXMZz5fr66pTHnAet46XAtbXAkJRfIn2YVhdC6R9g4xa27jQ1w==",
      "cpu": [
        "arm64"
      ],
      "dev": true,
      "optional": true,
      "os": [
        "android"
      ],
      "engines": {
        "node": ">=12"
      }
    },
    "node_modules/@esbuild/android-x64": {
      "version": "0.19.7",
      "resolved": "https://registry.npmjs.org/@esbuild/android-x64/-/android-x64-0.19.7.tgz",
      "integrity": "sha512-jhINx8DEjz68cChFvM72YzrqfwJuFbfvSxZAk4bebpngGfNNRm+zRl4rtT9oAX6N9b6gBcFaJHFew5Blf6CvUw==",
      "cpu": [
        "x64"
      ],
      "dev": true,
      "optional": true,
      "os": [
        "android"
      ],
      "engines": {
        "node": ">=12"
      }
    },
    "node_modules/@esbuild/darwin-arm64": {
      "version": "0.19.7",
      "resolved": "https://registry.npmjs.org/@esbuild/darwin-arm64/-/darwin-arm64-0.19.7.tgz",
      "integrity": "sha512-dr81gbmWN//3ZnBIm6YNCl4p3pjnabg1/ZVOgz2fJoUO1a3mq9WQ/1iuEluMs7mCL+Zwv7AY5e3g1hjXqQZ9Iw==",
      "cpu": [
        "arm64"
      ],
      "dev": true,
      "optional": true,
      "os": [
        "darwin"
      ],
      "engines": {
        "node": ">=12"
      }
    },
    "node_modules/@esbuild/darwin-x64": {
      "version": "0.19.7",
      "resolved": "https://registry.npmjs.org/@esbuild/darwin-x64/-/darwin-x64-0.19.7.tgz",
      "integrity": "sha512-Lc0q5HouGlzQEwLkgEKnWcSazqr9l9OdV2HhVasWJzLKeOt0PLhHaUHuzb8s/UIya38DJDoUm74GToZ6Wc7NGQ==",
      "cpu": [
        "x64"
      ],
      "dev": true,
      "optional": true,
      "os": [
        "darwin"
      ],
      "engines": {
        "node": ">=12"
      }
    },
    "node_modules/@esbuild/freebsd-arm64": {
      "version": "0.19.7",
      "resolved": "https://registry.npmjs.org/@esbuild/freebsd-arm64/-/freebsd-arm64-0.19.7.tgz",
      "integrity": "sha512-+y2YsUr0CxDFF7GWiegWjGtTUF6gac2zFasfFkRJPkMAuMy9O7+2EH550VlqVdpEEchWMynkdhC9ZjtnMiHImQ==",
      "cpu": [
        "arm64"
      ],
      "dev": true,
      "optional": true,
      "os": [
        "freebsd"
      ],
      "engines": {
        "node": ">=12"
      }
    },
    "node_modules/@esbuild/freebsd-x64": {
      "version": "0.19.7",
      "resolved": "https://registry.npmjs.org/@esbuild/freebsd-x64/-/freebsd-x64-0.19.7.tgz",
      "integrity": "sha512-CdXOxIbIzPJmJhrpmJTLx+o35NoiKBIgOvmvT+jeSadYiWJn0vFKsl+0bSG/5lwjNHoIDEyMYc/GAPR9jxusTA==",
      "cpu": [
        "x64"
      ],
      "dev": true,
      "optional": true,
      "os": [
        "freebsd"
      ],
      "engines": {
        "node": ">=12"
      }
    },
    "node_modules/@esbuild/linux-arm": {
      "version": "0.19.7",
      "resolved": "https://registry.npmjs.org/@esbuild/linux-arm/-/linux-arm-0.19.7.tgz",
      "integrity": "sha512-Y+SCmWxsJOdQtjcBxoacn/pGW9HDZpwsoof0ttL+2vGcHokFlfqV666JpfLCSP2xLxFpF1lj7T3Ox3sr95YXww==",
      "cpu": [
        "arm"
      ],
      "dev": true,
      "optional": true,
      "os": [
        "linux"
      ],
      "engines": {
        "node": ">=12"
      }
    },
    "node_modules/@esbuild/linux-arm64": {
      "version": "0.19.7",
      "resolved": "https://registry.npmjs.org/@esbuild/linux-arm64/-/linux-arm64-0.19.7.tgz",
      "integrity": "sha512-inHqdOVCkUhHNvuQPT1oCB7cWz9qQ/Cz46xmVe0b7UXcuIJU3166aqSunsqkgSGMtUCWOZw3+KMwI6otINuC9g==",
      "cpu": [
        "arm64"
      ],
      "dev": true,
      "optional": true,
      "os": [
        "linux"
      ],
      "engines": {
        "node": ">=12"
      }
    },
    "node_modules/@esbuild/linux-ia32": {
      "version": "0.19.7",
      "resolved": "https://registry.npmjs.org/@esbuild/linux-ia32/-/linux-ia32-0.19.7.tgz",
      "integrity": "sha512-2BbiL7nLS5ZO96bxTQkdO0euGZIUQEUXMTrqLxKUmk/Y5pmrWU84f+CMJpM8+EHaBPfFSPnomEaQiG/+Gmh61g==",
      "cpu": [
        "ia32"
      ],
      "dev": true,
      "optional": true,
      "os": [
        "linux"
      ],
      "engines": {
        "node": ">=12"
      }
    },
    "node_modules/@esbuild/linux-loong64": {
      "version": "0.19.7",
      "resolved": "https://registry.npmjs.org/@esbuild/linux-loong64/-/linux-loong64-0.19.7.tgz",
      "integrity": "sha512-BVFQla72KXv3yyTFCQXF7MORvpTo4uTA8FVFgmwVrqbB/4DsBFWilUm1i2Oq6zN36DOZKSVUTb16jbjedhfSHw==",
      "cpu": [
        "loong64"
      ],
      "dev": true,
      "optional": true,
      "os": [
        "linux"
      ],
      "engines": {
        "node": ">=12"
      }
    },
    "node_modules/@esbuild/linux-mips64el": {
      "version": "0.19.7",
      "resolved": "https://registry.npmjs.org/@esbuild/linux-mips64el/-/linux-mips64el-0.19.7.tgz",
      "integrity": "sha512-DzAYckIaK+pS31Q/rGpvUKu7M+5/t+jI+cdleDgUwbU7KdG2eC3SUbZHlo6Q4P1CfVKZ1lUERRFP8+q0ob9i2w==",
      "cpu": [
        "mips64el"
      ],
      "dev": true,
      "optional": true,
      "os": [
        "linux"
      ],
      "engines": {
        "node": ">=12"
      }
    },
    "node_modules/@esbuild/linux-ppc64": {
      "version": "0.19.7",
      "resolved": "https://registry.npmjs.org/@esbuild/linux-ppc64/-/linux-ppc64-0.19.7.tgz",
      "integrity": "sha512-JQ1p0SmUteNdUaaiRtyS59GkkfTW0Edo+e0O2sihnY4FoZLz5glpWUQEKMSzMhA430ctkylkS7+vn8ziuhUugQ==",
      "cpu": [
        "ppc64"
      ],
      "dev": true,
      "optional": true,
      "os": [
        "linux"
      ],
      "engines": {
        "node": ">=12"
      }
    },
    "node_modules/@esbuild/linux-riscv64": {
      "version": "0.19.7",
      "resolved": "https://registry.npmjs.org/@esbuild/linux-riscv64/-/linux-riscv64-0.19.7.tgz",
      "integrity": "sha512-xGwVJ7eGhkprY/nB7L7MXysHduqjpzUl40+XoYDGC4UPLbnG+gsyS1wQPJ9lFPcxYAaDXbdRXd1ACs9AE9lxuw==",
      "cpu": [
        "riscv64"
      ],
      "dev": true,
      "optional": true,
      "os": [
        "linux"
      ],
      "engines": {
        "node": ">=12"
      }
    },
    "node_modules/@esbuild/linux-s390x": {
      "version": "0.19.7",
      "resolved": "https://registry.npmjs.org/@esbuild/linux-s390x/-/linux-s390x-0.19.7.tgz",
      "integrity": "sha512-U8Rhki5PVU0L0nvk+E8FjkV8r4Lh4hVEb9duR6Zl21eIEYEwXz8RScj4LZWA2i3V70V4UHVgiqMpszXvG0Yqhg==",
      "cpu": [
        "s390x"
      ],
      "dev": true,
      "optional": true,
      "os": [
        "linux"
      ],
      "engines": {
        "node": ">=12"
      }
    },
    "node_modules/@esbuild/linux-x64": {
      "version": "0.19.7",
      "resolved": "https://registry.npmjs.org/@esbuild/linux-x64/-/linux-x64-0.19.7.tgz",
      "integrity": "sha512-ZYZopyLhm4mcoZXjFt25itRlocKlcazDVkB4AhioiL9hOWhDldU9n38g62fhOI4Pth6vp+Mrd5rFKxD0/S+7aQ==",
      "cpu": [
        "x64"
      ],
      "dev": true,
      "optional": true,
      "os": [
        "linux"
      ],
      "engines": {
        "node": ">=12"
      }
    },
    "node_modules/@esbuild/netbsd-x64": {
      "version": "0.19.7",
      "resolved": "https://registry.npmjs.org/@esbuild/netbsd-x64/-/netbsd-x64-0.19.7.tgz",
      "integrity": "sha512-/yfjlsYmT1O3cum3J6cmGG16Fd5tqKMcg5D+sBYLaOQExheAJhqr8xOAEIuLo8JYkevmjM5zFD9rVs3VBcsjtQ==",
      "cpu": [
        "x64"
      ],
      "dev": true,
      "optional": true,
      "os": [
        "netbsd"
      ],
      "engines": {
        "node": ">=12"
      }
    },
    "node_modules/@esbuild/openbsd-x64": {
      "version": "0.19.7",
      "resolved": "https://registry.npmjs.org/@esbuild/openbsd-x64/-/openbsd-x64-0.19.7.tgz",
      "integrity": "sha512-MYDFyV0EW1cTP46IgUJ38OnEY5TaXxjoDmwiTXPjezahQgZd+j3T55Ht8/Q9YXBM0+T9HJygrSRGV5QNF/YVDQ==",
      "cpu": [
        "x64"
      ],
      "dev": true,
      "optional": true,
      "os": [
        "openbsd"
      ],
      "engines": {
        "node": ">=12"
      }
    },
    "node_modules/@esbuild/sunos-x64": {
      "version": "0.19.7",
      "resolved": "https://registry.npmjs.org/@esbuild/sunos-x64/-/sunos-x64-0.19.7.tgz",
      "integrity": "sha512-JcPvgzf2NN/y6X3UUSqP6jSS06V0DZAV/8q0PjsZyGSXsIGcG110XsdmuWiHM+pno7/mJF6fjH5/vhUz/vA9fw==",
      "cpu": [
        "x64"
      ],
      "dev": true,
      "optional": true,
      "os": [
        "sunos"
      ],
      "engines": {
        "node": ">=12"
      }
    },
    "node_modules/@esbuild/win32-arm64": {
      "version": "0.19.7",
      "resolved": "https://registry.npmjs.org/@esbuild/win32-arm64/-/win32-arm64-0.19.7.tgz",
      "integrity": "sha512-ZA0KSYti5w5toax5FpmfcAgu3ZNJxYSRm0AW/Dao5up0YV1hDVof1NvwLomjEN+3/GMtaWDI+CIyJOMTRSTdMw==",
      "cpu": [
        "arm64"
      ],
      "dev": true,
      "optional": true,
      "os": [
        "win32"
      ],
      "engines": {
        "node": ">=12"
      }
    },
    "node_modules/@esbuild/win32-ia32": {
      "version": "0.19.7",
      "resolved": "https://registry.npmjs.org/@esbuild/win32-ia32/-/win32-ia32-0.19.7.tgz",
      "integrity": "sha512-CTOnijBKc5Jpk6/W9hQMMvJnsSYRYgveN6O75DTACCY18RA2nqka8dTZR+x/JqXCRiKk84+5+bRKXUSbbwsS0A==",
      "cpu": [
        "ia32"
      ],
      "dev": true,
      "optional": true,
      "os": [
        "win32"
      ],
      "engines": {
        "node": ">=12"
      }
    },
    "node_modules/@esbuild/win32-x64": {
      "version": "0.19.7",
      "resolved": "https://registry.npmjs.org/@esbuild/win32-x64/-/win32-x64-0.19.7.tgz",
      "integrity": "sha512-gRaP2sk6hc98N734luX4VpF318l3w+ofrtTu9j5L8EQXF+FzQKV6alCOHMVoJJHvVK/mGbwBXfOL1HETQu9IGQ==",
      "cpu": [
        "x64"
      ],
      "dev": true,
      "optional": true,
      "os": [
        "win32"
      ],
      "engines": {
        "node": ">=12"
      }
    },
    "node_modules/@rollup/rollup-android-arm-eabi": {
      "version": "4.6.0",
      "resolved": "https://registry.npmjs.org/@rollup/rollup-android-arm-eabi/-/rollup-android-arm-eabi-4.6.0.tgz",
      "integrity": "sha512-keHkkWAe7OtdALGoutLY3utvthkGF+Y17ws9LYT8pxMBYXaCoH/8dXS2uzo6e8+sEhY7y/zi5RFo22Dy2lFpDw==",
      "cpu": [
        "arm"
      ],
      "dev": true,
      "optional": true,
      "os": [
        "android"
      ]
    },
    "node_modules/@rollup/rollup-android-arm64": {
      "version": "4.6.0",
      "resolved": "https://registry.npmjs.org/@rollup/rollup-android-arm64/-/rollup-android-arm64-4.6.0.tgz",
      "integrity": "sha512-y3Kt+34smKQNWilicPbBz/MXEY7QwDzMFNgwEWeYiOhUt9MTWKjHqe3EVkXwT2fR7izOvHpDWZ0o2IyD9SWX7A==",
      "cpu": [
        "arm64"
      ],
      "dev": true,
      "optional": true,
      "os": [
        "android"
      ]
    },
    "node_modules/@rollup/rollup-darwin-arm64": {
      "version": "4.6.0",
      "resolved": "https://registry.npmjs.org/@rollup/rollup-darwin-arm64/-/rollup-darwin-arm64-4.6.0.tgz",
      "integrity": "sha512-oLzzxcUIHltHxOCmaXl+pkIlU+uhSxef5HfntW7RsLh1eHm+vJzjD9Oo4oUKso4YuP4PpbFJNlZjJuOrxo8dPg==",
      "cpu": [
        "arm64"
      ],
      "dev": true,
      "optional": true,
      "os": [
        "darwin"
      ]
    },
    "node_modules/@rollup/rollup-darwin-x64": {
      "version": "4.6.0",
      "resolved": "https://registry.npmjs.org/@rollup/rollup-darwin-x64/-/rollup-darwin-x64-4.6.0.tgz",
      "integrity": "sha512-+ANnmjkcOBaV25n0+M0Bere3roeVAnwlKW65qagtuAfIxXF9YxUneRyAn/RDcIdRa7QrjRNJL3jR7T43ObGe8Q==",
      "cpu": [
        "x64"
      ],
      "dev": true,
      "optional": true,
      "os": [
        "darwin"
      ]
    },
    "node_modules/@rollup/rollup-linux-arm-gnueabihf": {
      "version": "4.6.0",
      "resolved": "https://registry.npmjs.org/@rollup/rollup-linux-arm-gnueabihf/-/rollup-linux-arm-gnueabihf-4.6.0.tgz",
      "integrity": "sha512-tBTSIkjSVUyrekddpkAqKOosnj1Fc0ZY0rJL2bIEWPKqlEQk0paORL9pUIlt7lcGJi3LzMIlUGXvtNi1Z6MOCQ==",
      "cpu": [
        "arm"
      ],
      "dev": true,
      "optional": true,
      "os": [
        "linux"
      ]
    },
    "node_modules/@rollup/rollup-linux-arm64-gnu": {
      "version": "4.6.0",
      "resolved": "https://registry.npmjs.org/@rollup/rollup-linux-arm64-gnu/-/rollup-linux-arm64-gnu-4.6.0.tgz",
      "integrity": "sha512-Ed8uJI3kM11de9S0j67wAV07JUNhbAqIrDYhQBrQW42jGopgheyk/cdcshgGO4fW5Wjq97COCY/BHogdGvKVNQ==",
      "cpu": [
        "arm64"
      ],
      "dev": true,
      "optional": true,
      "os": [
        "linux"
      ]
    },
    "node_modules/@rollup/rollup-linux-arm64-musl": {
      "version": "4.6.0",
      "resolved": "https://registry.npmjs.org/@rollup/rollup-linux-arm64-musl/-/rollup-linux-arm64-musl-4.6.0.tgz",
      "integrity": "sha512-mZoNQ/qK4D7SSY8v6kEsAAyDgznzLLuSFCA3aBHZTmf3HP/dW4tNLTtWh9+LfyO0Z1aUn+ecpT7IQ3WtIg3ViQ==",
      "cpu": [
        "arm64"
      ],
      "dev": true,
      "optional": true,
      "os": [
        "linux"
      ]
    },
    "node_modules/@rollup/rollup-linux-x64-gnu": {
      "version": "4.6.0",
      "resolved": "https://registry.npmjs.org/@rollup/rollup-linux-x64-gnu/-/rollup-linux-x64-gnu-4.6.0.tgz",
      "integrity": "sha512-rouezFHpwCqdEXsqAfNsTgSWO0FoZ5hKv5p+TGO5KFhyN/dvYXNMqMolOb8BkyKcPqjYRBeT+Z6V3aM26rPaYg==",
      "cpu": [
        "x64"
      ],
      "dev": true,
      "optional": true,
      "os": [
        "linux"
      ]
    },
    "node_modules/@rollup/rollup-linux-x64-musl": {
      "version": "4.6.0",
      "resolved": "https://registry.npmjs.org/@rollup/rollup-linux-x64-musl/-/rollup-linux-x64-musl-4.6.0.tgz",
      "integrity": "sha512-Bbm+fyn3S6u51urfj3YnqBXg5vI2jQPncRRELaucmhBVyZkbWClQ1fEsRmdnCPpQOQfkpg9gZArvtMVkOMsh1w==",
      "cpu": [
        "x64"
      ],
      "dev": true,
      "optional": true,
      "os": [
        "linux"
      ]
    },
    "node_modules/@rollup/rollup-win32-arm64-msvc": {
      "version": "4.6.0",
      "resolved": "https://registry.npmjs.org/@rollup/rollup-win32-arm64-msvc/-/rollup-win32-arm64-msvc-4.6.0.tgz",
      "integrity": "sha512-+MRMcyx9L2kTrTUzYmR61+XVsliMG4odFb5UmqtiT8xOfEicfYAGEuF/D1Pww1+uZkYhBqAHpvju7VN+GnC3ng==",
      "cpu": [
        "arm64"
      ],
      "dev": true,
      "optional": true,
      "os": [
        "win32"
      ]
    },
    "node_modules/@rollup/rollup-win32-ia32-msvc": {
      "version": "4.6.0",
      "resolved": "https://registry.npmjs.org/@rollup/rollup-win32-ia32-msvc/-/rollup-win32-ia32-msvc-4.6.0.tgz",
      "integrity": "sha512-rxfeE6K6s/Xl2HGeK6cO8SiQq3k/3BYpw7cfhW5Bk2euXNEpuzi2cc7llxx1si1QgwfjNtdRNTGqdBzGlFZGFw==",
      "cpu": [
        "ia32"
      ],
      "dev": true,
      "optional": true,
      "os": [
        "win32"
      ]
    },
    "node_modules/@rollup/rollup-win32-x64-msvc": {
      "version": "4.6.0",
      "resolved": "https://registry.npmjs.org/@rollup/rollup-win32-x64-msvc/-/rollup-win32-x64-msvc-4.6.0.tgz",
      "integrity": "sha512-QqmCsydHS172Y0Kc13bkMXvipbJSvzeglBncJG3LsYJSiPlxYACz7MmJBs4A8l1oU+jfhYEIC/+AUSlvjmiX/g==",
      "cpu": [
        "x64"
      ],
      "dev": true,
      "optional": true,
      "os": [
        "win32"
      ]
    },
    "node_modules/@tweenjs/tween.js": {
      "version": "21.0.0",
      "resolved": "https://registry.npmjs.org/@tweenjs/tween.js/-/tween.js-21.0.0.tgz",
      "integrity": "sha512-qVfOiFh0U8ZSkLgA6tf7kj2MciqRbSCWaJZRwftVO7UbtVDNsZAXpWXqvCDtIefvjC83UJB+vHTDOGm5ibXjEA=="
    },
    "node_modules/aac": {
      "version": "0.1.3",
      "resolved": "https://registry.npmjs.org/aac/-/aac-0.1.3.tgz",
      "integrity": "sha512-mhkqrzCOMndmoQovW43ry8tkMttuvKcpU0u9/K7zI+lF5NtCY2NE+HwAPiEgd3rHK7IuBT1ZsGL+LKeCPW9btQ==",
      "peerDependencies": {
        "av": "~0.4.0"
      }
    },
    "node_modules/abc": {
      "version": "0.5.1",
      "resolved": "https://registry.npmjs.org/abc/-/abc-0.5.1.tgz",
      "integrity": "sha512-WRBP9wjuEdmzw1yFHCVf7Qp/PXSmfuUSX3FSs+5+uLG4qGKmhOPKl8LtZaG0p6xxuB6hX1tIzH4VaHL23+bU5A==",
      "engines": {
        "node": ">=0.4.0"
      }
    },
    "node_modules/alac": {
      "version": "0.1.0",
      "resolved": "https://registry.npmjs.org/alac/-/alac-0.1.0.tgz",
      "integrity": "sha512-+NBR/Nj/5zndHO7Oz4EOE7Qj+v+hk/0edJerBhjMQRznyjfaYV6/W+tUOOlLTZ0BWWD4p6eb11KKDHoPW5LsCw==",
      "peerDependencies": {
        "av": "~0.4.0"
      }
    },
    "node_modules/assertion-error": {
      "version": "1.0.0",
      "resolved": "https://registry.npmjs.org/assertion-error/-/assertion-error-1.0.0.tgz",
      "integrity": "sha512-g/gZV+G476cnmtYI+Ko9d5khxSoCSoom/EaNmmCfwpOvBXEJ18qwFrxfP1/CsIqk2no1sAKKwxndV0tP7ROOFQ==",
      "engines": {
        "node": "*"
      }
    },
    "node_modules/async": {
      "version": "0.9.2",
      "resolved": "https://registry.npmjs.org/async/-/async-0.9.2.tgz",
      "integrity": "sha512-l6ToIJIotphWahxxHyzK9bnLR6kM4jJIIgLShZeqLY7iboHoGkdgFl7W2/Ivi4SkMJYGKqW8vSuk0uKUj6qsSw=="
    },
    "node_modules/audiobuffer": {
      "version": "0.2.0",
      "resolved": "https://registry.npmjs.org/audiobuffer/-/audiobuffer-0.2.0.tgz",
      "integrity": "sha512-wEZ3iAOK1yNCy1PNcSe2V1pzzCV5rezYg0r/TRwojZBIVupQF56ioI0x5PGgatmWxJ4t8sWXymg8AFfopPXfrg==",
      "dependencies": {
        "underscore": "1.4.x"
      },
      "engines": {
        "node": ">=0.10"
      }
    },
    "node_modules/audiobuffer/node_modules/underscore": {
      "version": "1.4.4",
      "resolved": "https://registry.npmjs.org/underscore/-/underscore-1.4.4.tgz",
      "integrity": "sha512-ZqGrAgaqqZM7LGRzNjLnw5elevWb5M8LEoDMadxIW3OWbcv72wMMgKdwOKpd5Fqxe8choLD8HN3iSj3TUh/giQ=="
    },
    "node_modules/av": {
      "version": "0.4.9",
      "resolved": "https://registry.npmjs.org/av/-/av-0.4.9.tgz",
      "integrity": "sha512-MvkT0k+co6o+zLMrBFFeVhYcG/S/jzy+2p00c/VwA71q6g90J28qUNh93NabKrcN06bkwFK0OeiEpFsQd7TS7g==",
      "dependencies": {
        "coffeeify": "^0.6.0"
      },
      "optionalDependencies": {
        "speaker": "^0.3.0"
      }
    },
    "node_modules/bindings": {
      "version": "1.5.0",
      "resolved": "https://registry.npmjs.org/bindings/-/bindings-1.5.0.tgz",
      "integrity": "sha512-p2q/t/mhvuOj/UeLlV6566GD/guowlr0hHxClI0W9m7MWYkL1F0hLo+0Aexs9HSPCtR1SXQ0TD3MMKrXZajbiQ==",
      "optional": true,
      "dependencies": {
        "file-uri-to-path": "1.0.0"
      }
    },
    "node_modules/chai": {
      "version": "1.7.2",
      "resolved": "https://registry.npmjs.org/chai/-/chai-1.7.2.tgz",
      "integrity": "sha512-iTItmoMR+S+g8g0xU7db2mrr2LeLMJ6Y+YJwJEOUSaVTzm6qyTBfj5r+5x+XQhlXUfVn6WfFS4sXpEtMg6Qwaw==",
      "dependencies": {
        "assertion-error": "1.0.0"
      },
      "engines": {
        "node": ">= 0.4.0"
      }
    },
    "node_modules/coffee-script": {
      "version": "1.7.1",
      "resolved": "https://registry.npmjs.org/coffee-script/-/coffee-script-1.7.1.tgz",
      "integrity": "sha512-W3s+SROY73OmrSGtPTTW/2wp2rmW5vuh0/tUuCK1NvTuyzLOVPccIP9whmhZ4cYWcr2NJPNENZIFaAMkTD5G3w==",
      "deprecated": "CoffeeScript on NPM has moved to \"coffeescript\" (no hyphen)",
      "dependencies": {
        "mkdirp": "~0.3.5"
      },
      "bin": {
        "cake": "bin/cake",
        "coffee": "bin/coffee"
      },
      "engines": {
        "node": ">=0.8.0"
      }
    },
    "node_modules/coffeeify": {
      "version": "0.6.0",
      "resolved": "https://registry.npmjs.org/coffeeify/-/coffeeify-0.6.0.tgz",
      "integrity": "sha512-nt2rZwyeqLnzdbC15ZUBnQtokHLqNnbgfpUMYzAk1Pa33hObdtXnDV0SmTj2DWbzp47MpR87ix3uKHyutnzjsg==",
      "dependencies": {
        "coffee-script": "~1.7.0",
        "convert-source-map": "~0.3.3",
        "through": "~2.3.4"
      }
    },
    "node_modules/convert-source-map": {
      "version": "0.3.5",
      "resolved": "https://registry.npmjs.org/convert-source-map/-/convert-source-map-0.3.5.tgz",
      "integrity": "sha512-+4nRk0k3oEpwUB7/CalD7xE2z4VmtEnnq0GO2IPTkrooTrAhEsWvuLF5iWP1dXrwluki/azwXV1ve7gtYuPldg=="
    },
    "node_modules/core-util-is": {
      "version": "1.0.3",
      "resolved": "https://registry.npmjs.org/core-util-is/-/core-util-is-1.0.3.tgz",
      "integrity": "sha512-ZQBvi1DcpJ4GDqanjucZ2Hj3wEO5pZDS89BWbkcrvdxksJorwUDDZamX9ldFkp9aw2lmBDLgkObEA4DWNJ9FYQ==",
      "optional": true
    },
    "node_modules/debug": {
      "version": "2.6.9",
      "resolved": "https://registry.npmjs.org/debug/-/debug-2.6.9.tgz",
      "integrity": "sha512-bC7ElrdJaJnPbAP+1EotYvqZsb3ecl5wi6Bfi6BJTUcNowp6cvspg0jXznRTKDjm/E7AdgFBVeAPVMNcKGsHMA==",
      "optional": true,
      "dependencies": {
        "ms": "2.0.0"
      }
    },
    "node_modules/esbuild": {
      "version": "0.19.7",
      "resolved": "https://registry.npmjs.org/esbuild/-/esbuild-0.19.7.tgz",
      "integrity": "sha512-6brbTZVqxhqgbpqBR5MzErImcpA0SQdoKOkcWK/U30HtQxnokIpG3TX2r0IJqbFUzqLjhU/zC1S5ndgakObVCQ==",
      "dev": true,
      "hasInstallScript": true,
      "bin": {
        "esbuild": "bin/esbuild"
      },
      "engines": {
        "node": ">=12"
      },
      "optionalDependencies": {
        "@esbuild/android-arm": "0.19.7",
        "@esbuild/android-arm64": "0.19.7",
        "@esbuild/android-x64": "0.19.7",
        "@esbuild/darwin-arm64": "0.19.7",
        "@esbuild/darwin-x64": "0.19.7",
        "@esbuild/freebsd-arm64": "0.19.7",
        "@esbuild/freebsd-x64": "0.19.7",
        "@esbuild/linux-arm": "0.19.7",
        "@esbuild/linux-arm64": "0.19.7",
        "@esbuild/linux-ia32": "0.19.7",
        "@esbuild/linux-loong64": "0.19.7",
        "@esbuild/linux-mips64el": "0.19.7",
        "@esbuild/linux-ppc64": "0.19.7",
        "@esbuild/linux-riscv64": "0.19.7",
        "@esbuild/linux-s390x": "0.19.7",
        "@esbuild/linux-x64": "0.19.7",
        "@esbuild/netbsd-x64": "0.19.7",
        "@esbuild/openbsd-x64": "0.19.7",
        "@esbuild/sunos-x64": "0.19.7",
        "@esbuild/win32-arm64": "0.19.7",
        "@esbuild/win32-ia32": "0.19.7",
        "@esbuild/win32-x64": "0.19.7"
      }
    },
    "node_modules/file-uri-to-path": {
      "version": "1.0.0",
      "resolved": "https://registry.npmjs.org/file-uri-to-path/-/file-uri-to-path-1.0.0.tgz",
      "integrity": "sha512-0Zt+s3L7Vf1biwWZ29aARiVYLx7iMGnEUl9x33fbB/j3jR81u/O2LbqK+Bm1CDSNDKVtJ/YjwY7TUd5SkeLQLw==",
      "optional": true
    },
    "node_modules/flac": {
      "version": "0.3.0",
      "resolved": "https://registry.npmjs.org/flac/-/flac-0.3.0.tgz",
      "integrity": "sha512-52oFJru3F/aELcnDwHtqDNXxruIZH7bE3vK6xQF4ALCelCZBXFggqPsPXPilVs9L242Iz1ROrbVX0UYXJMMinw==",
      "dependencies": {
        "abc": "0.5.x",
        "fsa": "0.5.x"
      },
      "engines": {
        "node": ">=0.4"
      }
    },
    "node_modules/fsa": {
      "version": "0.5.1",
      "resolved": "https://registry.npmjs.org/fsa/-/fsa-0.5.1.tgz",
      "integrity": "sha512-HMdf0zJNXwP5dxROQb/ncUv+9BxuO4NM5R6/pSbUdfu5CUzMOg7+iP4tQUtBIv18PaScukzfxGIqLyJ3d9wg3Q==",
      "engines": {
        "node": ">=0.4"
      }
    },
    "node_modules/fsevents": {
      "version": "2.3.3",
      "resolved": "https://registry.npmjs.org/fsevents/-/fsevents-2.3.3.tgz",
      "integrity": "sha512-5xoDfX+fL7faATnagmWPpbFtwh/R77WmMMqqHGS65C3vvB0YHrgF+B1YmZ3441tMj5n63k0212XNoJwzlhffQw==",
      "dev": true,
      "hasInstallScript": true,
      "optional": true,
      "os": [
        "darwin"
      ],
      "engines": {
        "node": "^8.16.0 || ^10.6.0 || >=11.0.0"
      }
    },
    "node_modules/gsap": {
      "version": "3.12.3",
      "resolved": "https://registry.npmjs.org/gsap/-/gsap-3.12.3.tgz",
      "integrity": "sha512-TySXTE+ABiAVa61W+h5wv2p5GkJT1Uj//4nWpK8EjmhcDqwH++35IvtbQlVVFj+rdcJdFCdCt0SKgb+SwdPq/A=="
    },
    "node_modules/inherits": {
      "version": "2.0.4",
      "resolved": "https://registry.npmjs.org/inherits/-/inherits-2.0.4.tgz",
      "integrity": "sha512-k/vGaX4/Yla3WzyMCvTQOXYeIHvqOKtnqBduzTHpzpQZzAskKMhZ2K+EnBiSM9zGSoIFeMpXKxa4dYeZIQqewQ==",
      "optional": true
    },
    "node_modules/isarray": {
      "version": "1.0.0",
      "resolved": "https://registry.npmjs.org/isarray/-/isarray-1.0.0.tgz",
      "integrity": "sha512-VLghIWNM6ELQzo7zwmcg0NmTVyWKYjvIeM83yjp0wRDTmUnrM678fQbcKBo6n2CJEF0szoG//ytg+TKla89ALQ==",
      "optional": true
    },
    "node_modules/mkdirp": {
      "version": "0.3.5",
      "resolved": "https://registry.npmjs.org/mkdirp/-/mkdirp-0.3.5.tgz",
      "integrity": "sha512-8OCq0De/h9ZxseqzCH8Kw/Filf5pF/vMI6+BH7Lu0jXz2pqYCjTAQRolSxRIi+Ax+oCCjlxoJMP0YQ4XlrQNHg==",
      "deprecated": "Legacy versions of mkdirp are no longer supported. Please update to mkdirp 1.x. (Note that the API surface has changed to use Promises in 1.x.)"
    },
    "node_modules/mp3": {
      "version": "0.1.0",
      "resolved": "https://registry.npmjs.org/mp3/-/mp3-0.1.0.tgz",
      "integrity": "sha512-W9SQWAS8Gn7VvBHBSYnCIz2KAEzZccY+OAKJvO9JRRFBc0MfQ0icb7K4O9Sst/3SW1wcScC+zLNPYoiU6sSXww==",
      "peerDependencies": {
        "av": "~0.4.0"
      }
    },
    "node_modules/ms": {
      "version": "2.0.0",
      "resolved": "https://registry.npmjs.org/ms/-/ms-2.0.0.tgz",
      "integrity": "sha512-Tpp60P6IUJDTuOq/5Z8cdskzJujfwqfOTkrwIwj7IRISpnkJnT6SyJ4PCPnGMoFjC9ddhal5KVIYtAt97ix05A==",
      "optional": true
    },
    "node_modules/nan": {
      "version": "2.18.0",
      "resolved": "https://registry.npmjs.org/nan/-/nan-2.18.0.tgz",
      "integrity": "sha512-W7tfG7vMOGtD30sHoZSSc/JVYiyDPEyQVso/Zz+/uQd0B0L46gtC+pHha5FFMRpil6fm/AoEcRWyOVi4+E/f8w==",
      "optional": true
    },
    "node_modules/nanoid": {
      "version": "3.3.7",
      "resolved": "https://registry.npmjs.org/nanoid/-/nanoid-3.3.7.tgz",
      "integrity": "sha512-eSRppjcPIatRIMC1U6UngP8XFcz8MQWGQdt1MTBQ7NaAmvXDfvNxbvWV3x2y6CdEUciCSsDHDQZbhYaB8QEo2g==",
      "dev": true,
      "funding": [
        {
          "type": "github",
          "url": "https://github.com/sponsors/ai"
        }
      ],
      "bin": {
        "nanoid": "bin/nanoid.cjs"
      },
      "engines": {
        "node": "^10 || ^12 || ^13.7 || ^14 || >=15.0.1"
      }
    },
    "node_modules/pcm-boilerplate": {
      "version": "0.1.1",
      "resolved": "https://registry.npmjs.org/pcm-boilerplate/-/pcm-boilerplate-0.1.1.tgz",
      "integrity": "sha512-2mU5wENQGQoiuYUiRbLJtI8cH7H+1yvjR400XfGH6JONyzERbSbAIFCJnfRUSfbGJi2WJdo1gbTjiTsDyFSY4Q==",
      "dependencies": {
        "async": "0.2.x",
        "chai": "1.7.x",
        "underscore": "1.4.x"
      },
      "engines": {
        "node": ">=0.10"
      }
    },
    "node_modules/pcm-boilerplate/node_modules/async": {
      "version": "0.2.10",
      "resolved": "https://registry.npmjs.org/async/-/async-0.2.10.tgz",
      "integrity": "sha512-eAkdoKxU6/LkKDBzLpT+t6Ff5EtfSF4wx1WfJiPEEV7WNLnDaRXk0oVysiEPm262roaachGexwUv94WhSgN5TQ=="
    },
    "node_modules/pcm-boilerplate/node_modules/underscore": {
      "version": "1.4.4",
      "resolved": "https://registry.npmjs.org/underscore/-/underscore-1.4.4.tgz",
      "integrity": "sha512-ZqGrAgaqqZM7LGRzNjLnw5elevWb5M8LEoDMadxIW3OWbcv72wMMgKdwOKpd5Fqxe8choLD8HN3iSj3TUh/giQ=="
    },
    "node_modules/picocolors": {
      "version": "1.0.0",
      "resolved": "https://registry.npmjs.org/picocolors/-/picocolors-1.0.0.tgz",
      "integrity": "sha512-1fygroTLlHu66zi26VoTDv8yRgm0Fccecssto+MhsZ0D/DGW2sm8E8AjW7NU5VVTRt5GxbeZ5qBuJr+HyLYkjQ==",
      "dev": true
    },
    "node_modules/postcss": {
      "version": "8.4.32",
      "resolved": "https://registry.npmjs.org/postcss/-/postcss-8.4.32.tgz",
      "integrity": "sha512-D/kj5JNu6oo2EIy+XL/26JEDTlIbB8hw85G8StOE6L74RQAVVP5rej6wxCNqyMbR4RkPfqvezVbPw81Ngd6Kcw==",
      "dev": true,
      "funding": [
        {
          "type": "opencollective",
          "url": "https://opencollective.com/postcss/"
        },
        {
          "type": "tidelift",
          "url": "https://tidelift.com/funding/github/npm/postcss"
        },
        {
          "type": "github",
          "url": "https://github.com/sponsors/ai"
        }
      ],
      "dependencies": {
        "nanoid": "^3.3.7",
        "picocolors": "^1.0.0",
        "source-map-js": "^1.0.2"
      },
      "engines": {
        "node": "^10 || ^12 || >=14"
      }
    },
    "node_modules/process-nextick-args": {
      "version": "2.0.1",
      "resolved": "https://registry.npmjs.org/process-nextick-args/-/process-nextick-args-2.0.1.tgz",
      "integrity": "sha512-3ouUOpQhtgrbOa17J7+uxOTpITYWaGP7/AhoR3+A+/1e9skrzelGi/dXzEYyvbxubEF6Wn2ypscTKiKJFFn1ag==",
      "optional": true
    },
    "node_modules/readable-stream": {
      "version": "2.3.8",
      "resolved": "https://registry.npmjs.org/readable-stream/-/readable-stream-2.3.8.tgz",
      "integrity": "sha512-8p0AUk4XODgIewSi0l8Epjs+EVnWiK7NoDIEGU0HhE7+ZyY8D1IMY7odu5lRrFXGg71L15KG8QrPmum45RTtdA==",
      "optional": true,
      "dependencies": {
        "core-util-is": "~1.0.0",
        "inherits": "~2.0.3",
        "isarray": "~1.0.0",
        "process-nextick-args": "~2.0.0",
        "safe-buffer": "~5.1.1",
        "string_decoder": "~1.1.1",
        "util-deprecate": "~1.0.1"
      }
    },
    "node_modules/rollup": {
      "version": "4.6.0",
      "resolved": "https://registry.npmjs.org/rollup/-/rollup-4.6.0.tgz",
      "integrity": "sha512-R8i5Her4oO1LiMQ3jKf7MUglYV/mhQ5g5OKeld5CnkmPdIGo79FDDQYqPhq/PCVuTQVuxsWgIbDy9F+zdHn80w==",
      "dev": true,
      "bin": {
        "rollup": "dist/bin/rollup"
      },
      "engines": {
        "node": ">=18.0.0",
        "npm": ">=8.0.0"
      },
      "optionalDependencies": {
        "@rollup/rollup-android-arm-eabi": "4.6.0",
        "@rollup/rollup-android-arm64": "4.6.0",
        "@rollup/rollup-darwin-arm64": "4.6.0",
        "@rollup/rollup-darwin-x64": "4.6.0",
        "@rollup/rollup-linux-arm-gnueabihf": "4.6.0",
        "@rollup/rollup-linux-arm64-gnu": "4.6.0",
        "@rollup/rollup-linux-arm64-musl": "4.6.0",
        "@rollup/rollup-linux-x64-gnu": "4.6.0",
        "@rollup/rollup-linux-x64-musl": "4.6.0",
        "@rollup/rollup-win32-arm64-msvc": "4.6.0",
        "@rollup/rollup-win32-ia32-msvc": "4.6.0",
        "@rollup/rollup-win32-x64-msvc": "4.6.0",
        "fsevents": "~2.3.2"
      }
    },
    "node_modules/safe-buffer": {
      "version": "5.1.2",
      "resolved": "https://registry.npmjs.org/safe-buffer/-/safe-buffer-5.1.2.tgz",
      "integrity": "sha512-Gd2UZBJDkXlY7GbJxfsE8/nvKkUEU1G38c1siN6QP6a9PT9MmHB8GnpscSmMJSoF8LOIrt8ud/wPtojys4G6+g==",
      "optional": true
    },
    "node_modules/source-map-js": {
      "version": "1.0.2",
      "resolved": "https://registry.npmjs.org/source-map-js/-/source-map-js-1.0.2.tgz",
      "integrity": "sha512-R0XvVJ9WusLiqTCEiGCmICCMplcCkIwwR11mOSD9CR5u+IXYdiseeEuXCVAjS54zqwkLcPNnmU4OeJ6tUrWhDw==",
      "dev": true,
      "engines": {
        "node": ">=0.10.0"
      }
    },
    "node_modules/speaker": {
      "version": "0.3.1",
      "resolved": "https://registry.npmjs.org/speaker/-/speaker-0.3.1.tgz",
      "integrity": "sha512-LEqSy+FHYHPZj4kX8NHylzaOmy+VIqj57enm2GS4B568hj0SdKDYa9jALCGQy43LZa/JmQk1iF0nlMVbS1PfPg==",
      "hasInstallScript": true,
      "optional": true,
      "dependencies": {
        "bindings": "^1.2.1",
        "debug": "^2.2.0",
        "nan": "^2.2.0",
        "readable-stream": "^2.0.5"
      }
    },
    "node_modules/string_decoder": {
      "version": "1.1.1",
      "resolved": "https://registry.npmjs.org/string_decoder/-/string_decoder-1.1.1.tgz",
      "integrity": "sha512-n/ShnvDi6FHbbVfviro+WojiFzv+s8MPMHBczVePfUpDJLwoLT0ht1l4YwBCbi8pJAveEEdnkHyPyTP/mzRfwg==",
      "optional": true,
      "dependencies": {
        "safe-buffer": "~5.1.0"
      }
    },
    "node_modules/three": {
      "version": "0.158.0",
      "resolved": "https://registry.npmjs.org/three/-/three-0.158.0.tgz",
      "integrity": "sha512-TALj4EOpdDPF1henk2Q+s17K61uEAAWQ7TJB68nr7FKxqwyDr3msOt5IWdbGm4TaWKjrtWS8DJJWe9JnvsWOhQ=="
    },
    "node_modules/through": {
      "version": "2.3.8",
      "resolved": "https://registry.npmjs.org/through/-/through-2.3.8.tgz",
      "integrity": "sha512-w89qg7PI8wAdvX60bMDP+bFoD5Dvhm9oLheFp5O4a2QF0cSBGsBX4qZmadPMvVqlLJBBci+WqGGOAPvcDeNSVg=="
    },
    "node_modules/underscore": {
      "version": "1.8.3",
      "resolved": "https://registry.npmjs.org/underscore/-/underscore-1.8.3.tgz",
      "integrity": "sha512-5WsVTFcH1ut/kkhAaHf4PVgI8c7++GiVcpCGxPouI6ZVjsqPnSDf8h/8HtVqc0t4fzRXwnMK70EcZeAs3PIddg=="
    },
    "node_modules/util-deprecate": {
      "version": "1.0.2",
      "resolved": "https://registry.npmjs.org/util-deprecate/-/util-deprecate-1.0.2.tgz",
      "integrity": "sha512-EPD5q1uXyFxJpCrLnCc1nHnq3gOa6DZBocAIiI2TaSCA7VCJ1UJDMagCzIkXNsUYfD1daK//LTEQ8xiIbrHtcw==",
      "optional": true
    },
    "node_modules/vite": {
      "version": "5.0.5",
      "resolved": "https://registry.npmjs.org/vite/-/vite-5.0.5.tgz",
      "integrity": "sha512-OekeWqR9Ls56f3zd4CaxzbbS11gqYkEiBtnWFFgYR2WV8oPJRRKq0mpskYy/XaoCL3L7VINDhqqOMNDiYdGvGg==",
      "dev": true,
      "dependencies": {
        "esbuild": "^0.19.3",
        "postcss": "^8.4.32",
        "rollup": "^4.2.0"
      },
      "bin": {
        "vite": "bin/vite.js"
      },
      "engines": {
        "node": "^18.0.0 || >=20.0.0"
      },
      "funding": {
        "url": "https://github.com/vitejs/vite?sponsor=1"
      },
      "optionalDependencies": {
        "fsevents": "~2.3.3"
      },
      "peerDependencies": {
        "@types/node": "^18.0.0 || >=20.0.0",
        "less": "*",
        "lightningcss": "^1.21.0",
        "sass": "*",
        "stylus": "*",
        "sugarss": "*",
        "terser": "^5.4.0"
      },
      "peerDependenciesMeta": {
        "@types/node": {
          "optional": true
        },
        "less": {
          "optional": true
        },
        "lightningcss": {
          "optional": true
        },
        "sass": {
          "optional": true
        },
        "stylus": {
          "optional": true
        },
        "sugarss": {
          "optional": true
        },
        "terser": {
          "optional": true
        }
      }
    },
    "node_modules/web-audio-api": {
      "version": "0.2.2",
      "resolved": "https://registry.npmjs.org/web-audio-api/-/web-audio-api-0.2.2.tgz",
      "integrity": "sha512-XidLn3tEz8V9jwuV4OOVTOgNHp3WT6SQwv28Ad3lNXU4R9aPxWDYnocfVBh/OIna96jYPpiuP74KvSrTIF0OTg==",
      "dependencies": {
        "aac": "0.1.x",
        "alac": "0.1.x",
        "async": "0.9.x",
        "audiobuffer": "0.2.x",
        "av": "0.4.x",
        "flac": "0.3.x",
        "mp3": "0.1.x",
        "pcm-boilerplate": "0.1.x",
        "underscore": "1.8.x"
      },
      "engines": {
        "node": ">=0.10"
      }
    }
  }
}
